// !$*UTF8*$!
{
	archiveVersion = 1;
	classes = {
	};
	objectVersion = 46;
	objects = {

/* Begin PBXBuildFile section */
		F05F8C601FC4CC1E00322EEC /* main.c in Sources */ = {isa = PBXBuildFile; fileRef = F05F8C5F1FC4CC1E00322EEC /* main.c */; };
/* End PBXBuildFile section */

/* Begin PBXCopyFilesBuildPhase section */
		F05F8C5A1FC4CC1D00322EEC /* CopyFiles */ = {
			isa = PBXCopyFilesBuildPhase;
			buildActionMask = 2147483647;
			dstPath = /usr/share/man/man1/;
			dstSubfolderSpec = 0;
			files = (
			);
			runOnlyForDeploymentPostprocessing = 1;
		};
/* End PBXCopyFilesBuildPhase section */

/* Begin PBXFileReference section */
		F05F8C5C1FC4CC1D00322EEC /* HW4 */ = {isa = PBXFileReference; explicitFileType = "compiled.mach-o.executable"; includeInIndex = 0; path = HW4; sourceTree = BUILT_PRODUCTS_DIR; };
		F05F8C5F1FC4CC1E00322EEC /* main.c */ = {isa = PBXFileReference; lastKnownFileType = sourcecode.c.c; path = main.c; sourceTree = "<group>"; };
/* End PBXFileReference section */

/* Begin PBXFrameworksBuildPhase section */
		F05F8C591FC4CC1D00322EEC /* Frameworks */ = {
			isa = PBXFrameworksBuildPhase;
			buildActionMask = 2147483647;
			files = (
			);
			runOnlyForDeploymentPostprocessing = 0;
		};
/* End PBXFrameworksBuildPhase section */

/* Begin PBXGroup section */
		F05F8C531FC4CC1D00322EEC = {
			isa = PBXGroup;
			children = (
				F05F8C5E1FC4CC1D00322EEC /* HW4 */,
				F05F8C5D1FC4CC1D00322EEC /* Products */,
			);
			sourceTree = "<group>";
		};
		F05F8C5D1FC4CC1D00322EEC /* Products */ = {
			isa = PBXGroup;
			children = (
				F05F8C5C1FC4CC1D00322EEC /* HW4 */,
			);
			name = Products;
			sourceTree = "<group>";
		};
		F05F8C5E1FC4CC1D00322EEC /* HW4 */ = {
			isa = PBXGroup;
			children = (
				F05F8C5F1FC4CC1E00322EEC /* main.c */,
			);
			path = HW4;
			sourceTree = "<group>";
		};
/* End PBXGroup section */

/* Begin PBXNativeTarget section */
		F05F8C5B1FC4CC1D00322EEC /* HW4 */ = {
			isa = PBXNativeTarget;
			buildConfigurationList = F05F8C631FC4CC1E00322EEC /* Build configuration list for PBXNativeTarget "HW4" */;
			buildPhases = (
				F05F8C581FC4CC1D00322EEC /* Sources */,
				F05F8C591FC4CC1D00322EEC /* Frameworks */,
				F05F8C5A1FC4CC1D00322EEC /* CopyFiles */,
			);
			buildRules = (
			);
			dependencies = (
			);
			name = HW4;
			productName = HW4;
			productReference = F05F8C5C1FC4CC1D00322EEC /* HW4 */;
			productType = "com.apple.product-type.tool";
		};
/* End PBXNativeTarget section */

/* Begin PBXProject section */
		F05F8C541FC4CC1D00322EEC /* Project object */ = {
			isa = PBXProject;
			attributes = {
				LastUpgradeCheck = 0800;
				ORGANIZATIONNAME = xianng;
				TargetAttributes = {
					F05F8C5B1FC4CC1D00322EEC = {
						CreatedOnToolsVersion = 8.0;
						DevelopmentTeam = BZ2BR27C6A;
						ProvisioningStyle = Automatic;
					};
				};
			};
			buildConfigurationList = F05F8C571FC4CC1D00322EEC /* Build configuration list for PBXProject "HW4" */;
			compatibilityVersion = "Xcode 3.2";
			developmentRegion = English;
			hasScannedForEncodings = 0;
			knownRegions = (
				en,
			);
			mainGroup = F05F8C531FC4CC1D00322EEC;
			productRefGroup = F05F8C5D1FC4CC1D00322EEC /* Products */;
			projectDirPath = "";
			projectRoot = "";
			targets = (
				F05F8C5B1FC4CC1D00322EEC /* HW4 */,
			);
		};
/* End PBXProject section */

/* Begin PBXSourcesBuildPhase section */
		F05F8C581FC4CC1D00322EEC /* Sources */ = {
			isa = PBXSourcesBuildPhase;
			buildActionMask = 2147483647;
			files = (
				F05F8C601FC4CC1E00322EEC /* main.c in Sources */,
			);
			runOnlyForDeploymentPostprocessing = 0;
		};
/* End PBXSourcesBuildPhase section */

/* Begin XCBuildConfiguration section */
		F05F8C611FC4CC1E00322EEC /* Debug */ = {
			isa = XCBuildConfiguration;
			buildSettings = {
				ALWAYS_SEARCH_USER_PATHS = NO;
				CLANG_ANALYZER_NONNULL = YES;
				CLANG_CXX_LANGUAGE_STANDARD = "gnu++0x";
				CLANG_CXX_LIBRARY = "libc++";
				CLANG_ENABLE_MODULES = YES;
				CLANG_ENABLE_OBJC_ARC = YES;
				CLANG_WARN_BOOL_CONVERSION = YES;
				CLANG_WARN_CONSTANT_CONVERSION = YES;
				CLANG_WARN_DIRECT_OBJC_ISA_USAGE = YES_ERROR;
				CLANG_WARN_DOCUMENTATION_COMMENTS = YES;
				CLANG_WARN_EMPTY_BODY = YES;
				CLANG_WARN_ENUM_CONVERSION = YES;
				CLANG_WARN_INFINITE_RECURSION = YES;
				CLANG_WARN_INT_CONVERSION = YES;
				CLANG_WARN_OBJC_ROOT_CLASS = YES_ERROR;
				CLANG_WARN_SUSPICIOUS_MOVES = YES;
				CLANG_WARN_UNREACHABLE_CODE = YES;
				CLANG_WARN__DUPLICATE_METHOD_MATCH = YES;
				CODE_SIGN_IDENTITY = "-";
				COPY_PHASE_STRIP = NO;
				DEBUG_INFORMATION_FORMAT = dwarf;
				ENABLE_STRICT_OBJC_MSGSEND = YES;
				ENABLE_TESTABILITY = YES;
				GCC_C_LANGUAGE_STANDARD = gnu99;
				GCC_DYNAMIC_NO_PIC = NO;
				GCC_NO_COMMON_BLOCKS = YES;
				GCC_OPTIMIZATION_LEVEL = 0;
				GCC_PREPROCESSOR_DEFINITIONS = (
					"DEBUG=1",
					"$(inherited)",
				);
				GCC_WARN_64_TO_32_BIT_CONVERSION = YES;
				GCC_WARN_ABOUT_RETURN_TYPE = YES_ERROR;
				GCC_WARN_UNDECLARED_SELECTOR = YES;
				GCC_WARN_UNINITIALIZED_AUTOS = YES_AGGRESSIVE;
				GCC_WARN_UNUSED_FUNCTION = YES;
				GCC_WARN_UNUSED_VARIABLE = YES;
				MACOSX_DEPLOYMENT_TARGET = 10.13;
				MTL_ENABLE_DEBUG_INFO = YES;
				ONLY_ACTIVE_ARCH = YES;
				SDKROOT = macosx;
			};
			name = Debug;
		};
		F05F8C621FC4CC1E00322EEC /* Release */ = {
			isa = XCBuildConfiguration;
			buildSettings = {
				ALWAYS_SEARCH_USER_PATHS = NO;
				CLANG_ANALYZER_NONNULL = YES;
				CLANG_CXX_LANGUAGE_STANDARD = "gnu++0x";
				CLANG_CXX_LIBRARY = "libc++";
				CLANG_ENABLE_MODULES = YES;
				CLANG_ENABLE_OBJC_ARC = YES;
				CLANG_WARN_BOOL_CONVERSION = YES;
				CLANG_WARN_CONSTANT_CONVERSION = YES;
				CLANG_WARN_DIRECT_OBJC_ISA_USAGE = YES_ERROR;
				CLANG_WARN_DOCUMENTATION_COMMENTS = YES;
				CLANG_WARN_EMPTY_BODY = YES;
				CLANG_WARN_ENUM_CONVERSION = YES;
				CLANG_WARN_INFINITE_RECURSION = YES;
				CLANG_WARN_INT_CONVERSION = YES;
				CLANG_WARN_OBJC_ROOT_CLASS = YES_ERROR;
				CLANG_WARN_SUSPICIOUS_MOVES = YES;
				CLANG_WARN_UNREACHABLE_CODE = YES;
				CLANG_WARN__DUPLICATE_METHOD_MATCH = YES;
				CODE_SIGN_IDENTITY = "-";
				COPY_PHASE_STRIP = NO;
				DEBUG_INFORMATION_FORMAT = "dwarf-with-dsym";
				ENABLE_NS_ASSERTIONS = NO;
				ENABLE_STRICT_OBJC_MSGSEND = YES;
				GCC_C_LANGUAGE_STANDARD = gnu99;
				GCC_NO_COMMON_BLOCKS = YES;
				GCC_WARN_64_TO_32_BIT_CONVERSION = YES;
				GCC_WARN_ABOUT_RETURN_TYPE = YES_ERROR;
				GCC_WARN_UNDECLARED_SELECTOR = YES;
				GCC_WARN_UNINITIALIZED_AUTOS = YES_AGGRESSIVE;
				GCC_WARN_UNUSED_FUNCTION = YES;
				GCC_WARN_UNUSED_VARIABLE = YES;
				MACOSX_DEPLOYMENT_TARGET = 10.13;
				MTL_ENABLE_DEBUG_INFO = NO;
				SDKROOT = macosx;
			};
			name = Release;
		};
		F05F8C641FC4CC1E00322EEC /* Debug */ = {
			isa = XCBuildConfiguration;
			buildSettings = {
				DEVELOPMENT_TEAM = BZ2BR27C6A;
				PRODUCT_NAME = "$(TARGET_NAME)";
			};
			name = Debug;
		};
		F05F8C651FC4CC1E00322EEC /* Release */ = {
			isa = XCBuildConfiguration;
			buildSettings = {
				DEVELOPMENT_TEAM = BZ2BR27C6A;
				PRODUCT_NAME = "$(TARGET_NAME)";
			};
			name = Release;
		};
/* End XCBuildConfiguration section */

/* Begin XCConfigurationList section */
		F05F8C571FC4CC1D00322EEC /* Build configuration list for PBXProject "HW4" */ = {
			isa = XCConfigurationList;
			buildConfigurations = (
				F05F8C611FC4CC1E00322EEC /* Debug */,
				F05F8C621FC4CC1E00322EEC /* Release */,
			);
			defaultConfigurationIsVisible = 0;
			defaultConfigurationName = Release;
		};
		F05F8C631FC4CC1E00322EEC /* Build configuration list for PBXNativeTarget "HW4" */ = {
			isa = XCConfigurationList;
			buildConfigurations = (
				F05F8C641FC4CC1E00322EEC /* Debug */,
				F05F8C651FC4CC1E00322EEC /* Release */,
			);
			defaultConfigurationIsVisible = 0;
		};
/* End XCConfigurationList section */
	};
	rootObject = F05F8C541FC4CC1D00322EEC /* Project object */;
}
